
Microsoft Visual Studio Solution File, Format Version 12.00
# Visual Studio 15
VisualStudioVersion = 15.0.28307.168
MinimumVisualStudioVersion = 10.0.40219.1
Project("{FAE04EC0-301F-11D3-BF4B-00C04F79EFBC}") = "BJStack", "BJStack\BJStack.csproj", "{39BBB5A4-D736-4730-BA4A-249D2DAA06E3}"
EndProject
Global
	GlobalSection(SolutionConfigurationPlatforms) = preSolution
		Debug|Any CPU = Debug|Any CPU
		Release|Any CPU = Release|Any CPU
	EndGlobalSection
	GlobalSection(ProjectConfigurationPlatforms) = postSolution
		{39BBB5A4-D736-4730-BA4A-249D2DAA06E3}.Debug|Any CPU.ActiveCfg = Debug|Any CPU
		{39BBB5A4-D736-4730-BA4A-249D2DAA06E3}.Debug|Any CPU.Build.0 = Debug|Any CPU
		{39BBB5A4-D736-4730-BA4A-249D2DAA06E3}.Release|Any CPU.ActiveCfg = Release|Any CPU
		{39BBB5A4-D736-4730-BA4A-249D2DAA06E3}.Release|Any CPU.Build.0 = Release|Any CPU
	EndGlobalSection
	GlobalSection(SolutionProperties) = preSolution
		HideSolutionNode = FALSE
	EndGlobalSection
	GlobalSection(ExtensibilityGlobals) = postSolution
		SolutionGuid = {1FEA744C-AF8E-45CC-86FA-441D3615D4D8}
	EndGlobalSection
EndGlobal
